
Microsoft Visual Studio Solution File, Format Version 12.00
# Visual Studio 2013
VisualStudioVersion = 12.0.0.0
MinimumVisualStudioVersion = 10.0.0.1
Project("{FAE04EC0-301F-11D3-BF4B-00C04F79EFBC}") = "BooliStat", "BooliStat\BooliStat.csproj", "{3AEFA797-3DCB-407F-87B2-B42D3CA00874}"
EndProject
Project("{FAE04EC0-301F-11D3-BF4B-00C04F79EFBC}") = "BooliStatTest", "BooliStatTest\BooliStatTest.csproj", "{0C32CE09-77F0-44C7-8479-D9A9415BC313}"
EndProject
Project("{2150E333-8FDC-42A3-9474-1A3956D46DE8}") = "GUI", "GUI", "{2F6FB410-64FB-4DF1-80DB-F69773BA135F}"
ProjectSection(SolutionItems) = preProject
	index.html = index.html
EndProjectSection
EndProject
Global
	GlobalSection(SolutionConfigurationPlatforms) = preSolution
		Debug|Any CPU = Debug|Any CPU
		Release|Any CPU = Release|Any CPU
	EndGlobalSection
	GlobalSection(ProjectConfigurationPlatforms) = postSolution
		{3AEFA797-3DCB-407F-87B2-B42D3CA00874}.Debug|Any CPU.ActiveCfg = Debug|Any CPU
		{3AEFA797-3DCB-407F-87B2-B42D3CA00874}.Debug|Any CPU.Build.0 = Debug|Any CPU
		{3AEFA797-3DCB-407F-87B2-B42D3CA00874}.Release|Any CPU.ActiveCfg = Release|Any CPU
		{3AEFA797-3DCB-407F-87B2-B42D3CA00874}.Release|Any CPU.Build.0 = Release|Any CPU
		{0C32CE09-77F0-44C7-8479-D9A9415BC313}.Debug|Any CPU.ActiveCfg = Debug|Any CPU
		{0C32CE09-77F0-44C7-8479-D9A9415BC313}.Debug|Any CPU.Build.0 = Debug|Any CPU
		{0C32CE09-77F0-44C7-8479-D9A9415BC313}.Release|Any CPU.ActiveCfg = Release|Any CPU
		{0C32CE09-77F0-44C7-8479-D9A9415BC313}.Release|Any CPU.Build.0 = Release|Any CPU
	EndGlobalSection
	GlobalSection(SolutionProperties) = preSolution
		HideSolutionNode = FALSE
	EndGlobalSection
EndGlobal
